
Microsoft Visual Studio Solution File, Format Version 12.00
# Visual Studio Version 16
VisualStudioVersion = 16.0.30523.141
MinimumVisualStudioVersion = 10.0.40219.1
Project("{FAE04EC0-301F-11D3-BF4B-00C04F79EFBC}") = "AnonymSanta", "AnonymSanta\AnonymSanta.csproj", "{13F6F055-5E6E-4845-A285-706D66CC68B0}"
EndProject
Global
	GlobalSection(SolutionConfigurationPlatforms) = preSolution
		Debug|Any CPU = Debug|Any CPU
		Release|Any CPU = Release|Any CPU
	EndGlobalSection
	GlobalSection(ProjectConfigurationPlatforms) = postSolution
		{13F6F055-5E6E-4845-A285-706D66CC68B0}.Debug|Any CPU.ActiveCfg = Debug|Any CPU
		{13F6F055-5E6E-4845-A285-706D66CC68B0}.Debug|Any CPU.Build.0 = Debug|Any CPU
		{13F6F055-5E6E-4845-A285-706D66CC68B0}.Release|Any CPU.ActiveCfg = Release|Any CPU
		{13F6F055-5E6E-4845-A285-706D66CC68B0}.Release|Any CPU.Build.0 = Release|Any CPU
	EndGlobalSection
	GlobalSection(SolutionProperties) = preSolution
		HideSolutionNode = FALSE
	EndGlobalSection
	GlobalSection(ExtensibilityGlobals) = postSolution
		SolutionGuid = {60900CBE-776A-47A8-8739-81AB04F34DA9}
	EndGlobalSection
EndGlobal
